
Microsoft Visual Studio Solution File, Format Version 12.00
# Visual Studio Version 16
VisualStudioVersion = 16.0.31727.386
MinimumVisualStudioVersion = 10.0.40219.1
Project("{9A19103F-16F7-4668-BE54-9A1E7A4F7556}") = "TestTaskPb", "TestTaskPb.csproj", "{5678D05A-9C73-4C4E-8B30-9D57723E6160}"
EndProject
Project("{9A19103F-16F7-4668-BE54-9A1E7A4F7556}") = "EventBus", "..\EventBus\EventBus.csproj", "{9B82F167-1A14-4706-902C-97EBA4986A79}"
EndProject
Global
	GlobalSection(SolutionConfigurationPlatforms) = preSolution
		Debug|Any CPU = Debug|Any CPU
		Release|Any CPU = Release|Any CPU
	EndGlobalSection
	GlobalSection(ProjectConfigurationPlatforms) = postSolution
		{5678D05A-9C73-4C4E-8B30-9D57723E6160}.Debug|Any CPU.ActiveCfg = Debug|Any CPU
		{5678D05A-9C73-4C4E-8B30-9D57723E6160}.Debug|Any CPU.Build.0 = Debug|Any CPU
		{5678D05A-9C73-4C4E-8B30-9D57723E6160}.Release|Any CPU.ActiveCfg = Release|Any CPU
		{5678D05A-9C73-4C4E-8B30-9D57723E6160}.Release|Any CPU.Build.0 = Release|Any CPU
		{9B82F167-1A14-4706-902C-97EBA4986A79}.Debug|Any CPU.ActiveCfg = Debug|Any CPU
		{9B82F167-1A14-4706-902C-97EBA4986A79}.Debug|Any CPU.Build.0 = Debug|Any CPU
		{9B82F167-1A14-4706-902C-97EBA4986A79}.Release|Any CPU.ActiveCfg = Release|Any CPU
		{9B82F167-1A14-4706-902C-97EBA4986A79}.Release|Any CPU.Build.0 = Release|Any CPU
	EndGlobalSection
	GlobalSection(SolutionProperties) = preSolution
		HideSolutionNode = FALSE
	EndGlobalSection
	GlobalSection(ExtensibilityGlobals) = postSolution
		SolutionGuid = {7EE5F340-75D5-48C9-809E-5EC9DC69CDB9}
	EndGlobalSection
EndGlobal
